// !$*UTF8*$!
{
	archiveVersion = 1;
	classes = {
	};
	objectVersion = 50;
	objects = {

/* Begin PBXBuildFile section */
		3F76813F274254A800D9EA9E /* item.swift in Sources */ = {isa = PBXBuildFile; fileRef = 3F76813E274254A800D9EA9E /* item.swift */; };
		3FD626A627412DD3001B49A9 /* AppDelegate.swift in Sources */ = {isa = PBXBuildFile; fileRef = 3FD626A527412DD3001B49A9 /* AppDelegate.swift */; };
		3FD626A827412DD3001B49A9 /* SceneDelegate.swift in Sources */ = {isa = PBXBuildFile; fileRef = 3FD626A727412DD3001B49A9 /* SceneDelegate.swift */; };
		3FD626AA27412DD3001B49A9 /* DetailVC.swift in Sources */ = {isa = PBXBuildFile; fileRef = 3FD626A927412DD3001B49A9 /* DetailVC.swift */; };
		3FD626AD27412DD3001B49A9 /* Main.storyboard in Resources */ = {isa = PBXBuildFile; fileRef = 3FD626AB27412DD3001B49A9 /* Main.storyboard */; };
		3FD626AF27412DD4001B49A9 /* Assets.xcassets in Resources */ = {isa = PBXBuildFile; fileRef = 3FD626AE27412DD4001B49A9 /* Assets.xcassets */; };
		3FD626B227412DD4001B49A9 /* LaunchScreen.storyboard in Resources */ = {isa = PBXBuildFile; fileRef = 3FD626B027412DD4001B49A9 /* LaunchScreen.storyboard */; };
		3FD626BA274133BF001B49A9 /* TableVc.swift in Sources */ = {isa = PBXBuildFile; fileRef = 3FD626B9274133BF001B49A9 /* TableVc.swift */; };
/* End PBXBuildFile section */

/* Begin PBXFileReference section */
		3F76813E274254A800D9EA9E /* item.swift */ = {isa = PBXFileReference; lastKnownFileType = sourcecode.swift; path = item.swift; sourceTree = "<group>"; };
		3FD626A227412DD3001B49A9 /* Prototype-Navigation-Table-"Bushra_Oudah".app */ = {isa = PBXFileReference; explicitFileType = wrapper.application; includeInIndex = 0; path = "Prototype-Navigation-Table-\"Bushra_Oudah\".app"; sourceTree = BUILT_PRODUCTS_DIR; };
		3FD626A527412DD3001B49A9 /* AppDelegate.swift */ = {isa = PBXFileReference; lastKnownFileType = sourcecode.swift; path = AppDelegate.swift; sourceTree = "<group>"; };
		3FD626A727412DD3001B49A9 /* SceneDelegate.swift */ = {isa = PBXFileReference; lastKnownFileType = sourcecode.swift; path = SceneDelegate.swift; sourceTree = "<group>"; };
		3FD626A927412DD3001B49A9 /* DetailVC.swift */ = {isa = PBXFileReference; lastKnownFileType = sourcecode.swift; path = DetailVC.swift; sourceTree = "<group>"; };
		3FD626AC27412DD3001B49A9 /* Base */ = {isa = PBXFileReference; lastKnownFileType = file.storyboard; name = Base; path = Base.lproj/Main.storyboard; sourceTree = "<group>"; };
		3FD626AE27412DD4001B49A9 /* Assets.xcassets */ = {isa = PBXFileReference; lastKnownFileType = folder.assetcatalog; path = Assets.xcassets; sourceTree = "<group>"; };
		3FD626B127412DD4001B49A9 /* Base */ = {isa = PBXFileReference; lastKnownFileType = file.storyboard; name = Base; path = Base.lproj/LaunchScreen.storyboard; sourceTree = "<group>"; };
		3FD626B327412DD4001B49A9 /* Info.plist */ = {isa = PBXFileReference; lastKnownFileType = text.plist.xml; path = Info.plist; sourceTree = "<group>"; };
		3FD626B9274133BF001B49A9 /* TableVc.swift */ = {isa = PBXFileReference; lastKnownFileType = sourcecode.swift; path = TableVc.swift; sourceTree = "<group>"; };
/* End PBXFileReference section */

/* Begin PBXFrameworksBuildPhase section */
		3FD6269F27412DD3001B49A9 /* Frameworks */ = {
			isa = PBXFrameworksBuildPhase;
			buildActionMask = 2147483647;
			files = (
			);
			runOnlyForDeploymentPostprocessing = 0;
		};
/* End PBXFrameworksBuildPhase section */

/* Begin PBXGroup section */
		3F76813D2742548A00D9EA9E /* Model */ = {
			isa = PBXGroup;
			children = (
				3F76813E274254A800D9EA9E /* item.swift */,
			);
			path = Model;
			sourceTree = "<group>";
		};
		3F7681402742686500D9EA9E /* Controlls */ = {
			isa = PBXGroup;
			children = (
				3FD626B9274133BF001B49A9 /* TableVc.swift */,
				3FD626A927412DD3001B49A9 /* DetailVC.swift */,
				3F768141274268BD00D9EA9E /* View */,
			);
			path = Controlls;
			sourceTree = "<group>";
		};
		3F768141274268BD00D9EA9E /* View */ = {
			isa = PBXGroup;
			children = (
				3FD626AB27412DD3001B49A9 /* Main.storyboard */,
			);
			path = View;
			sourceTree = "<group>";
		};
		3FD6269927412DD3001B49A9 = {
			isa = PBXGroup;
			children = (
				3FD626A427412DD3001B49A9 /* Prototype-Navigation-Table-"Bushra_Oudah" */,
				3FD626A327412DD3001B49A9 /* Products */,
			);
			sourceTree = "<group>";
		};
		3FD626A327412DD3001B49A9 /* Products */ = {
			isa = PBXGroup;
			children = (
				3FD626A227412DD3001B49A9 /* Prototype-Navigation-Table-"Bushra_Oudah".app */,
			);
			name = Products;
			sourceTree = "<group>";
		};
		3FD626A427412DD3001B49A9 /* Prototype-Navigation-Table-"Bushra_Oudah" */ = {
			isa = PBXGroup;
			children = (
				3F7681402742686500D9EA9E /* Controlls */,
				3F76813D2742548A00D9EA9E /* Model */,
				3FD626A527412DD3001B49A9 /* AppDelegate.swift */,
				3FD626A727412DD3001B49A9 /* SceneDelegate.swift */,
				3FD626AE27412DD4001B49A9 /* Assets.xcassets */,
				3FD626B027412DD4001B49A9 /* LaunchScreen.storyboard */,
				3FD626B327412DD4001B49A9 /* Info.plist */,
			);
			path = "Prototype-Navigation-Table-\"Bushra_Oudah\"";
			sourceTree = "<group>";
		};
/* End PBXGroup section */

/* Begin PBXNativeTarget section */
		3FD626A127412DD3001B49A9 /* Prototype-Navigation-Table-"Bushra_Oudah" */ = {
			isa = PBXNativeTarget;
			buildConfigurationList = 3FD626B627412DD4001B49A9 /* Build configuration list for PBXNativeTarget "Prototype-Navigation-Table-"Bushra_Oudah"" */;
			buildPhases = (
				3FD6269E27412DD3001B49A9 /* Sources */,
				3FD6269F27412DD3001B49A9 /* Frameworks */,
				3FD626A027412DD3001B49A9 /* Resources */,
			);
			buildRules = (
			);
			dependencies = (
			);
			name = "Prototype-Navigation-Table-\"Bushra_Oudah\"";
			productName = "Prototype-Navigation-Table-\"Bushra_Oudah\"";
			productReference = 3FD626A227412DD3001B49A9 /* Prototype-Navigation-Table-"Bushra_Oudah".app */;
			productType = "com.apple.product-type.application";
		};
/* End PBXNativeTarget section */

/* Begin PBXProject section */
		3FD6269A27412DD3001B49A9 /* Project object */ = {
			isa = PBXProject;
			attributes = {
				LastSwiftUpdateCheck = 1250;
				LastUpgradeCheck = 1250;
				TargetAttributes = {
					3FD626A127412DD3001B49A9 = {
						CreatedOnToolsVersion = 12.5;
					};
				};
			};
			buildConfigurationList = 3FD6269D27412DD3001B49A9 /* Build configuration list for PBXProject "Prototype-Navigation-Table-"Bushra_Oudah"" */;
			compatibilityVersion = "Xcode 9.3";
			developmentRegion = en;
			hasScannedForEncodings = 0;
			knownRegions = (
				en,
				Base,
			);
			mainGroup = 3FD6269927412DD3001B49A9;
			productRefGroup = 3FD626A327412DD3001B49A9 /* Products */;
			projectDirPath = "";
			projectRoot = "";
			targets = (
				3FD626A127412DD3001B49A9 /* Prototype-Navigation-Table-"Bushra_Oudah" */,
			);
		};
/* End PBXProject section */

/* Begin PBXResourcesBuildPhase section */
		3FD626A027412DD3001B49A9 /* Resources */ = {
			isa = PBXResourcesBuildPhase;
			buildActionMask = 2147483647;
			files = (
				3FD626B227412DD4001B49A9 /* LaunchScreen.storyboard in Resources */,
				3FD626AF27412DD4001B49A9 /* Assets.xcassets in Resources */,
				3FD626AD27412DD3001B49A9 /* Main.storyboard in Resources */,
			);
			runOnlyForDeploymentPostprocessing = 0;
		};
/* End PBXResourcesBuildPhase section */

/* Begin PBXSourcesBuildPhase section */
		3FD6269E27412DD3001B49A9 /* Sources */ = {
			isa = PBXSourcesBuildPhase;
			buildActionMask = 2147483647;
			files = (
				3FD626AA27412DD3001B49A9 /* DetailVC.swift in Sources */,
				3FD626BA274133BF001B49A9 /* TableVc.swift in Sources */,
				3F76813F274254A800D9EA9E /* item.swift in Sources */,
				3FD626A627412DD3001B49A9 /* AppDelegate.swift in Sources */,
				3FD626A827412DD3001B49A9 /* SceneDelegate.swift in Sources */,
			);
			runOnlyForDeploymentPostprocessing = 0;
		};
/* End PBXSourcesBuildPhase section */

/* Begin PBXVariantGroup section */
		3FD626AB27412DD3001B49A9 /* Main.storyboard */ = {
			isa = PBXVariantGroup;
			children = (
				3FD626AC27412DD3001B49A9 /* Base */,
			);
			name = Main.storyboard;
			sourceTree = "<group>";
		};
		3FD626B027412DD4001B49A9 /* LaunchScreen.storyboard */ = {
			isa = PBXVariantGroup;
			children = (
				3FD626B127412DD4001B49A9 /* Base */,
			);
			name = LaunchScreen.storyboard;
			sourceTree = "<group>";
		};
/* End PBXVariantGroup section */

/* Begin XCBuildConfiguration section */
		3FD626B427412DD4001B49A9 /* Debug */ = {
			isa = XCBuildConfiguration;
			buildSettings = {
				ALWAYS_SEARCH_USER_PATHS = NO;
				CLANG_ANALYZER_NONNULL = YES;
				CLANG_ANALYZER_NUMBER_OBJECT_CONVERSION = YES_AGGRESSIVE;
				CLANG_CXX_LANGUAGE_STANDARD = "gnu++14";
				CLANG_CXX_LIBRARY = "libc++";
				CLANG_ENABLE_MODULES = YES;
				CLANG_ENABLE_OBJC_ARC = YES;
				CLANG_ENABLE_OBJC_WEAK = YES;
				CLANG_WARN_BLOCK_CAPTURE_AUTORELEASING = YES;
				CLANG_WARN_BOOL_CONVERSION = YES;
				CLANG_WARN_COMMA = YES;
				CLANG_WARN_CONSTANT_CONVERSION = YES;
				CLANG_WARN_DEPRECATED_OBJC_IMPLEMENTATIONS = YES;
				CLANG_WARN_DIRECT_OBJC_ISA_USAGE = YES_ERROR;
				CLANG_WARN_DOCUMENTATION_COMMENTS = YES;
				CLANG_WARN_EMPTY_BODY = YES;
				CLANG_WARN_ENUM_CONVERSION = YES;
				CLANG_WARN_INFINITE_RECURSION = YES;
				CLANG_WARN_INT_CONVERSION = YES;
				CLANG_WARN_NON_LITERAL_NULL_CONVERSION = YES;
				CLANG_WARN_OBJC_IMPLICIT_RETAIN_SELF = YES;
				CLANG_WARN_OBJC_LITERAL_CONVERSION = YES;
				CLANG_WARN_OBJC_ROOT_CLASS = YES_ERROR;
				CLANG_WARN_QUOTED_INCLUDE_IN_FRAMEWORK_HEADER = YES;
				CLANG_WARN_RANGE_LOOP_ANALYSIS = YES;
				CLANG_WARN_STRICT_PROTOTYPES = YES;
				CLANG_WARN_SUSPICIOUS_MOVE = YES;
				CLANG_WARN_UNGUARDED_AVAILABILITY = YES_AGGRESSIVE;
				CLANG_WARN_UNREACHABLE_CODE = YES;
				CLANG_WARN__DUPLICATE_METHOD_MATCH = YES;
				COPY_PHASE_STRIP = NO;
				DEBUG_INFORMATION_FORMAT = dwarf;
				ENABLE_STRICT_OBJC_MSGSEND = YES;
				ENABLE_TESTABILITY = YES;
				GCC_C_LANGUAGE_STANDARD = gnu11;
				GCC_DYNAMIC_NO_PIC = NO;
				GCC_NO_COMMON_BLOCKS = YES;
				GCC_OPTIMIZATION_LEVEL = 0;
				GCC_PREPROCESSOR_DEFINITIONS = (
					"DEBUG=1",
					"$(inherited)",
				);
				GCC_WARN_64_TO_32_BIT_CONVERSION = YES;
				GCC_WARN_ABOUT_RETURN_TYPE = YES_ERROR;
				GCC_WARN_UNDECLARED_SELECTOR = YES;
				GCC_WARN_UNINITIALIZED_AUTOS = YES_AGGRESSIVE;
				GCC_WARN_UNUSED_FUNCTION = YES;
				GCC_WARN_UNUSED_VARIABLE = YES;
				IPHONEOS_DEPLOYMENT_TARGET = 14.5;
				MTL_ENABLE_DEBUG_INFO = INCLUDE_SOURCE;
				MTL_FAST_MATH = YES;
				ONLY_ACTIVE_ARCH = YES;
				SDKROOT = iphoneos;
				SWIFT_ACTIVE_COMPILATION_CONDITIONS = DEBUG;
				SWIFT_OPTIMIZATION_LEVEL = "-Onone";
			};
			name = Debug;
		};
		3FD626B527412DD4001B49A9 /* Release */ = {
			isa = XCBuildConfiguration;
			buildSettings = {
				ALWAYS_SEARCH_USER_PATHS = NO;
				CLANG_ANALYZER_NONNULL = YES;
				CLANG_ANALYZER_NUMBER_OBJECT_CONVERSION = YES_AGGRESSIVE;
				CLANG_CXX_LANGUAGE_STANDARD = "gnu++14";
				CLANG_CXX_LIBRARY = "libc++";
				CLANG_ENABLE_MODULES = YES;
				CLANG_ENABLE_OBJC_ARC = YES;
				CLANG_ENABLE_OBJC_WEAK = YES;
				CLANG_WARN_BLOCK_CAPTURE_AUTORELEASING = YES;
				CLANG_WARN_BOOL_CONVERSION = YES;
				CLANG_WARN_COMMA = YES;
				CLANG_WARN_CONSTANT_CONVERSION = YES;
				CLANG_WARN_DEPRECATED_OBJC_IMPLEMENTATIONS = YES;
				CLANG_WARN_DIRECT_OBJC_ISA_USAGE = YES_ERROR;
				CLANG_WARN_DOCUMENTATION_COMMENTS = YES;
				CLANG_WARN_EMPTY_BODY = YES;
				CLANG_WARN_ENUM_CONVERSION = YES;
				CLANG_WARN_INFINITE_RECURSION = YES;
				CLANG_WARN_INT_CONVERSION = YES;
				CLANG_WARN_NON_LITERAL_NULL_CONVERSION = YES;
				CLANG_WARN_OBJC_IMPLICIT_RETAIN_SELF = YES;
				CLANG_WARN_OBJC_LITERAL_CONVERSION = YES;
				CLANG_WARN_OBJC_ROOT_CLASS = YES_ERROR;
				CLANG_WARN_QUOTED_INCLUDE_IN_FRAMEWORK_HEADER = YES;
				CLANG_WARN_RANGE_LOOP_ANALYSIS = YES;
				CLANG_WARN_STRICT_PROTOTYPES = YES;
				CLANG_WARN_SUSPICIOUS_MOVE = YES;
				CLANG_WARN_UNGUARDED_AVAILABILITY = YES_AGGRESSIVE;
				CLANG_WARN_UNREACHABLE_CODE = YES;
				CLANG_WARN__DUPLICATE_METHOD_MATCH = YES;
				COPY_PHASE_STRIP = NO;
				DEBUG_INFORMATION_FORMAT = "dwarf-with-dsym";
				ENABLE_NS_ASSERTIONS = NO;
				ENABLE_STRICT_OBJC_MSGSEND = YES;
				GCC_C_LANGUAGE_STANDARD = gnu11;
				GCC_NO_COMMON_BLOCKS = YES;
				GCC_WARN_64_TO_32_BIT_CONVERSION = YES;
				GCC_WARN_ABOUT_RETURN_TYPE = YES_ERROR;
				GCC_WARN_UNDECLARED_SELECTOR = YES;
				GCC_WARN_UNINITIALIZED_AUTOS = YES_AGGRESSIVE;
				GCC_WARN_UNUSED_FUNCTION = YES;
				GCC_WARN_UNUSED_VARIABLE = YES;
				IPHONEOS_DEPLOYMENT_TARGET = 14.5;
				MTL_ENABLE_DEBUG_INFO = NO;
				MTL_FAST_MATH = YES;
				SDKROOT = iphoneos;
				SWIFT_COMPILATION_MODE = wholemodule;
				SWIFT_OPTIMIZATION_LEVEL = "-O";
				VALIDATE_PRODUCT = YES;
			};
			name = Release;
		};
		3FD626B727412DD4001B49A9 /* Debug */ = {
			isa = XCBuildConfiguration;
			buildSettings = {
				ASSETCATALOG_COMPILER_APPICON_NAME = AppIcon;
				ASSETCATALOG_COMPILER_GLOBAL_ACCENT_COLOR_NAME = AccentColor;
				CODE_SIGN_STYLE = Automatic;
				DEVELOPMENT_TEAM = 5SYQJ4498T;
				INFOPLIST_FILE = "Prototype-Navigation-Table-\"Bushra_Oudah\"/Info.plist";
				LD_RUNPATH_SEARCH_PATHS = (
					"$(inherited)",
					"@executable_path/Frameworks",
				);
				PRODUCT_BUNDLE_IDENTIFIER = "Bushra.com.Prototype-Navigation-Table--Bushra-Oudah-";
				PRODUCT_NAME = "$(TARGET_NAME)";
				SWIFT_VERSION = 5.0;
				TARGETED_DEVICE_FAMILY = "1,2";
			};
			name = Debug;
		};
		3FD626B827412DD4001B49A9 /* Release */ = {
			isa = XCBuildConfiguration;
			buildSettings = {
				ASSETCATALOG_COMPILER_APPICON_NAME = AppIcon;
				ASSETCATALOG_COMPILER_GLOBAL_ACCENT_COLOR_NAME = AccentColor;
				CODE_SIGN_STYLE = Automatic;
				DEVELOPMENT_TEAM = 5SYQJ4498T;
				INFOPLIST_FILE = "Prototype-Navigation-Table-\"Bushra_Oudah\"/Info.plist";
				LD_RUNPATH_SEARCH_PATHS = (
					"$(inherited)",
					"@executable_path/Frameworks",
				);
				PRODUCT_BUNDLE_IDENTIFIER = "Bushra.com.Prototype-Navigation-Table--Bushra-Oudah-";
				PRODUCT_NAME = "$(TARGET_NAME)";
				SWIFT_VERSION = 5.0;
				TARGETED_DEVICE_FAMILY = "1,2";
			};
			name = Release;
		};
/* End XCBuildConfiguration section */

/* Begin XCConfigurationList section */
		3FD6269D27412DD3001B49A9 /* Build configuration list for PBXProject "Prototype-Navigation-Table-"Bushra_Oudah"" */ = {
			isa = XCConfigurationList;
			buildConfigurations = (
				3FD626B427412DD4001B49A9 /* Debug */,
				3FD626B527412DD4001B49A9 /* Release */,
			);
			defaultConfigurationIsVisible = 0;
			defaultConfigurationName = Release;
		};
		3FD626B627412DD4001B49A9 /* Build configuration list for PBXNativeTarget "Prototype-Navigation-Table-"Bushra_Oudah"" */ = {
			isa = XCConfigurationList;
			buildConfigurations = (
				3FD626B727412DD4001B49A9 /* Debug */,
				3FD626B827412DD4001B49A9 /* Release */,
			);
			defaultConfigurationIsVisible = 0;
			defaultConfigurationName = Release;
		};
/* End XCConfigurationList section */
	};
	rootObject = 3FD6269A27412DD3001B49A9 /* Project object */;
}
