// !$*UTF8*$!
{
	archiveVersion = 1;
	classes = {
	};
	objectVersion = 55;
	objects = {

/* Begin PBXBuildFile section */
		AE4826BF27411906000A0209 /* AppDelegate.swift in Sources */ = {isa = PBXBuildFile; fileRef = AE4826BE27411906000A0209 /* AppDelegate.swift */; };
		AE4826C127411906000A0209 /* SceneDelegate.swift in Sources */ = {isa = PBXBuildFile; fileRef = AE4826C027411906000A0209 /* SceneDelegate.swift */; };
		AE4826C327411906000A0209 /* DetailVC.swift in Sources */ = {isa = PBXBuildFile; fileRef = AE4826C227411906000A0209 /* DetailVC.swift */; };
		AE4826C627411906000A0209 /* Main.storyboard in Resources */ = {isa = PBXBuildFile; fileRef = AE4826C427411906000A0209 /* Main.storyboard */; };
		AE4826C827411909000A0209 /* Assets.xcassets in Resources */ = {isa = PBXBuildFile; fileRef = AE4826C727411909000A0209 /* Assets.xcassets */; };
		AE4826CB27411909000A0209 /* LaunchScreen.storyboard in Resources */ = {isa = PBXBuildFile; fileRef = AE4826C927411909000A0209 /* LaunchScreen.storyboard */; };
		AE4826D6274119F1000A0209 /* TableVC.swift in Sources */ = {isa = PBXBuildFile; fileRef = AE4826D5274119F1000A0209 /* TableVC.swift */; };
		AE626D1127424FB8005A2EFC /* items.swift in Sources */ = {isa = PBXBuildFile; fileRef = AE626D1027424FB8005A2EFC /* items.swift */; };
/* End PBXBuildFile section */

/* Begin PBXFileReference section */
		AE4826BB27411906000A0209 /* prtotypeNavigationtable"Reema.Mousa".app */ = {isa = PBXFileReference; explicitFileType = wrapper.application; includeInIndex = 0; path = "prtotypeNavigationtable\"Reema.Mousa\".app"; sourceTree = BUILT_PRODUCTS_DIR; };
		AE4826BE27411906000A0209 /* AppDelegate.swift */ = {isa = PBXFileReference; lastKnownFileType = sourcecode.swift; path = AppDelegate.swift; sourceTree = "<group>"; };
		AE4826C027411906000A0209 /* SceneDelegate.swift */ = {isa = PBXFileReference; lastKnownFileType = sourcecode.swift; path = SceneDelegate.swift; sourceTree = "<group>"; };
		AE4826C227411906000A0209 /* DetailVC.swift */ = {isa = PBXFileReference; lastKnownFileType = sourcecode.swift; path = DetailVC.swift; sourceTree = "<group>"; };
		AE4826C527411906000A0209 /* Base */ = {isa = PBXFileReference; lastKnownFileType = file.storyboard; name = Base; path = Base.lproj/Main.storyboard; sourceTree = "<group>"; };
		AE4826C727411909000A0209 /* Assets.xcassets */ = {isa = PBXFileReference; lastKnownFileType = folder.assetcatalog; path = Assets.xcassets; sourceTree = "<group>"; };
		AE4826CA27411909000A0209 /* Base */ = {isa = PBXFileReference; lastKnownFileType = file.storyboard; name = Base; path = Base.lproj/LaunchScreen.storyboard; sourceTree = "<group>"; };
		AE4826CC27411909000A0209 /* Info.plist */ = {isa = PBXFileReference; lastKnownFileType = text.plist.xml; path = Info.plist; sourceTree = "<group>"; };
		AE4826D5274119F1000A0209 /* TableVC.swift */ = {isa = PBXFileReference; lastKnownFileType = sourcecode.swift; path = TableVC.swift; sourceTree = "<group>"; };
		AE626D1027424FB8005A2EFC /* items.swift */ = {isa = PBXFileReference; lastKnownFileType = sourcecode.swift; path = items.swift; sourceTree = "<group>"; };
/* End PBXFileReference section */

/* Begin PBXFrameworksBuildPhase section */
		AE4826B827411906000A0209 /* Frameworks */ = {
			isa = PBXFrameworksBuildPhase;
			buildActionMask = 2147483647;
			files = (
			);
			runOnlyForDeploymentPostprocessing = 0;
		};
/* End PBXFrameworksBuildPhase section */

/* Begin PBXGroup section */
		AE4826B227411906000A0209 = {
			isa = PBXGroup;
			children = (
				AE4826BD27411906000A0209 /* prtotypeNavigationtable"Reema.Mousa" */,
				AE4826BC27411906000A0209 /* Products */,
			);
			sourceTree = "<group>";
		};
		AE4826BC27411906000A0209 /* Products */ = {
			isa = PBXGroup;
			children = (
				AE4826BB27411906000A0209 /* prtotypeNavigationtable"Reema.Mousa".app */,
			);
			name = Products;
			sourceTree = "<group>";
		};
		AE4826BD27411906000A0209 /* prtotypeNavigationtable"Reema.Mousa" */ = {
			isa = PBXGroup;
			children = (
				AE626D0F27424FA4005A2EFC /* Model */,
				AE626D12274252ED005A2EFC /* View */,
				AE626D1327425300005A2EFC /* controller */,
				AE626D142742531D005A2EFC /* Support */,
				AE4826CC27411909000A0209 /* Info.plist */,
			);
			path = "prtotypeNavigationtable\"Reema.Mousa\"";
			sourceTree = "<group>";
		};
		AE626D0F27424FA4005A2EFC /* Model */ = {
			isa = PBXGroup;
			children = (
				AE626D1027424FB8005A2EFC /* items.swift */,
			);
			path = Model;
			sourceTree = "<group>";
		};
		AE626D12274252ED005A2EFC /* View */ = {
			isa = PBXGroup;
			children = (
				AE4826C427411906000A0209 /* Main.storyboard */,
				AE4826C927411909000A0209 /* LaunchScreen.storyboard */,
			);
			path = View;
			sourceTree = "<group>";
		};
		AE626D1327425300005A2EFC /* controller */ = {
			isa = PBXGroup;
			children = (
				AE4826D5274119F1000A0209 /* TableVC.swift */,
				AE4826C227411906000A0209 /* DetailVC.swift */,
			);
			path = controller;
			sourceTree = "<group>";
		};
		AE626D142742531D005A2EFC /* Support */ = {
			isa = PBXGroup;
			children = (
				AE4826BE27411906000A0209 /* AppDelegate.swift */,
				AE4826C027411906000A0209 /* SceneDelegate.swift */,
				AE4826C727411909000A0209 /* Assets.xcassets */,
			);
			path = Support;
			sourceTree = "<group>";
		};
/* End PBXGroup section */

/* Begin PBXNativeTarget section */
		AE4826BA27411906000A0209 /* prtotypeNavigationtable"Reema.Mousa" */ = {
			isa = PBXNativeTarget;
			buildConfigurationList = AE4826CF27411909000A0209 /* Build configuration list for PBXNativeTarget "prtotypeNavigationtable"Reema.Mousa"" */;
			buildPhases = (
				AE4826B727411906000A0209 /* Sources */,
				AE4826B827411906000A0209 /* Frameworks */,
				AE4826B927411906000A0209 /* Resources */,
			);
			buildRules = (
			);
			dependencies = (
			);
			name = "prtotypeNavigationtable\"Reema.Mousa\"";
			productName = "prtotypeNavigationtable\"Reema.Mousa\"";
			productReference = AE4826BB27411906000A0209 /* prtotypeNavigationtable"Reema.Mousa".app */;
			productType = "com.apple.product-type.application";
		};
/* End PBXNativeTarget section */

/* Begin PBXProject section */
		AE4826B327411906000A0209 /* Project object */ = {
			isa = PBXProject;
			attributes = {
				BuildIndependentTargetsInParallel = 1;
				LastSwiftUpdateCheck = 1310;
				LastUpgradeCheck = 1310;
				TargetAttributes = {
					AE4826BA27411906000A0209 = {
						CreatedOnToolsVersion = 13.1;
					};
				};
			};
			buildConfigurationList = AE4826B627411906000A0209 /* Build configuration list for PBXProject "prtotypeNavigationtable"Reema.Mousa"" */;
			compatibilityVersion = "Xcode 13.0";
			developmentRegion = en;
			hasScannedForEncodings = 0;
			knownRegions = (
				en,
				Base,
			);
			mainGroup = AE4826B227411906000A0209;
			productRefGroup = AE4826BC27411906000A0209 /* Products */;
			projectDirPath = "";
			projectRoot = "";
			targets = (
				AE4826BA27411906000A0209 /* prtotypeNavigationtable"Reema.Mousa" */,
			);
		};
/* End PBXProject section */

/* Begin PBXResourcesBuildPhase section */
		AE4826B927411906000A0209 /* Resources */ = {
			isa = PBXResourcesBuildPhase;
			buildActionMask = 2147483647;
			files = (
				AE4826CB27411909000A0209 /* LaunchScreen.storyboard in Resources */,
				AE4826C827411909000A0209 /* Assets.xcassets in Resources */,
				AE4826C627411906000A0209 /* Main.storyboard in Resources */,
			);
			runOnlyForDeploymentPostprocessing = 0;
		};
/* End PBXResourcesBuildPhase section */

/* Begin PBXSourcesBuildPhase section */
		AE4826B727411906000A0209 /* Sources */ = {
			isa = PBXSourcesBuildPhase;
			buildActionMask = 2147483647;
			files = (
				AE4826C327411906000A0209 /* DetailVC.swift in Sources */,
				AE626D1127424FB8005A2EFC /* items.swift in Sources */,
				AE4826D6274119F1000A0209 /* TableVC.swift in Sources */,
				AE4826BF27411906000A0209 /* AppDelegate.swift in Sources */,
				AE4826C127411906000A0209 /* SceneDelegate.swift in Sources */,
			);
			runOnlyForDeploymentPostprocessing = 0;
		};
/* End PBXSourcesBuildPhase section */

/* Begin PBXVariantGroup section */
		AE4826C427411906000A0209 /* Main.storyboard */ = {
			isa = PBXVariantGroup;
			children = (
				AE4826C527411906000A0209 /* Base */,
			);
			name = Main.storyboard;
			sourceTree = "<group>";
		};
		AE4826C927411909000A0209 /* LaunchScreen.storyboard */ = {
			isa = PBXVariantGroup;
			children = (
				AE4826CA27411909000A0209 /* Base */,
			);
			name = LaunchScreen.storyboard;
			sourceTree = "<group>";
		};
/* End PBXVariantGroup section */

/* Begin XCBuildConfiguration section */
		AE4826CD27411909000A0209 /* Debug */ = {
			isa = XCBuildConfiguration;
			buildSettings = {
				ALWAYS_SEARCH_USER_PATHS = NO;
				CLANG_ANALYZER_NONNULL = YES;
				CLANG_ANALYZER_NUMBER_OBJECT_CONVERSION = YES_AGGRESSIVE;
				CLANG_CXX_LANGUAGE_STANDARD = "gnu++17";
				CLANG_CXX_LIBRARY = "libc++";
				CLANG_ENABLE_MODULES = YES;
				CLANG_ENABLE_OBJC_ARC = YES;
				CLANG_ENABLE_OBJC_WEAK = YES;
				CLANG_WARN_BLOCK_CAPTURE_AUTORELEASING = YES;
				CLANG_WARN_BOOL_CONVERSION = YES;
				CLANG_WARN_COMMA = YES;
				CLANG_WARN_CONSTANT_CONVERSION = YES;
				CLANG_WARN_DEPRECATED_OBJC_IMPLEMENTATIONS = YES;
				CLANG_WARN_DIRECT_OBJC_ISA_USAGE = YES_ERROR;
				CLANG_WARN_DOCUMENTATION_COMMENTS = YES;
				CLANG_WARN_EMPTY_BODY = YES;
				CLANG_WARN_ENUM_CONVERSION = YES;
				CLANG_WARN_INFINITE_RECURSION = YES;
				CLANG_WARN_INT_CONVERSION = YES;
				CLANG_WARN_NON_LITERAL_NULL_CONVERSION = YES;
				CLANG_WARN_OBJC_IMPLICIT_RETAIN_SELF = YES;
				CLANG_WARN_OBJC_LITERAL_CONVERSION = YES;
				CLANG_WARN_OBJC_ROOT_CLASS = YES_ERROR;
				CLANG_WARN_QUOTED_INCLUDE_IN_FRAMEWORK_HEADER = YES;
				CLANG_WARN_RANGE_LOOP_ANALYSIS = YES;
				CLANG_WARN_STRICT_PROTOTYPES = YES;
				CLANG_WARN_SUSPICIOUS_MOVE = YES;
				CLANG_WARN_UNGUARDED_AVAILABILITY = YES_AGGRESSIVE;
				CLANG_WARN_UNREACHABLE_CODE = YES;
				CLANG_WARN__DUPLICATE_METHOD_MATCH = YES;
				COPY_PHASE_STRIP = NO;
				DEBUG_INFORMATION_FORMAT = dwarf;
				ENABLE_STRICT_OBJC_MSGSEND = YES;
				ENABLE_TESTABILITY = YES;
				GCC_C_LANGUAGE_STANDARD = gnu11;
				GCC_DYNAMIC_NO_PIC = NO;
				GCC_NO_COMMON_BLOCKS = YES;
				GCC_OPTIMIZATION_LEVEL = 0;
				GCC_PREPROCESSOR_DEFINITIONS = (
					"DEBUG=1",
					"$(inherited)",
				);
				GCC_WARN_64_TO_32_BIT_CONVERSION = YES;
				GCC_WARN_ABOUT_RETURN_TYPE = YES_ERROR;
				GCC_WARN_UNDECLARED_SELECTOR = YES;
				GCC_WARN_UNINITIALIZED_AUTOS = YES_AGGRESSIVE;
				GCC_WARN_UNUSED_FUNCTION = YES;
				GCC_WARN_UNUSED_VARIABLE = YES;
				IPHONEOS_DEPLOYMENT_TARGET = 15.0;
				MTL_ENABLE_DEBUG_INFO = INCLUDE_SOURCE;
				MTL_FAST_MATH = YES;
				ONLY_ACTIVE_ARCH = YES;
				SDKROOT = iphoneos;
				SWIFT_ACTIVE_COMPILATION_CONDITIONS = DEBUG;
				SWIFT_OPTIMIZATION_LEVEL = "-Onone";
			};
			name = Debug;
		};
		AE4826CE27411909000A0209 /* Release */ = {
			isa = XCBuildConfiguration;
			buildSettings = {
				ALWAYS_SEARCH_USER_PATHS = NO;
				CLANG_ANALYZER_NONNULL = YES;
				CLANG_ANALYZER_NUMBER_OBJECT_CONVERSION = YES_AGGRESSIVE;
				CLANG_CXX_LANGUAGE_STANDARD = "gnu++17";
				CLANG_CXX_LIBRARY = "libc++";
				CLANG_ENABLE_MODULES = YES;
				CLANG_ENABLE_OBJC_ARC = YES;
				CLANG_ENABLE_OBJC_WEAK = YES;
				CLANG_WARN_BLOCK_CAPTURE_AUTORELEASING = YES;
				CLANG_WARN_BOOL_CONVERSION = YES;
				CLANG_WARN_COMMA = YES;
				CLANG_WARN_CONSTANT_CONVERSION = YES;
				CLANG_WARN_DEPRECATED_OBJC_IMPLEMENTATIONS = YES;
				CLANG_WARN_DIRECT_OBJC_ISA_USAGE = YES_ERROR;
				CLANG_WARN_DOCUMENTATION_COMMENTS = YES;
				CLANG_WARN_EMPTY_BODY = YES;
				CLANG_WARN_ENUM_CONVERSION = YES;
				CLANG_WARN_INFINITE_RECURSION = YES;
				CLANG_WARN_INT_CONVERSION = YES;
				CLANG_WARN_NON_LITERAL_NULL_CONVERSION = YES;
				CLANG_WARN_OBJC_IMPLICIT_RETAIN_SELF = YES;
				CLANG_WARN_OBJC_LITERAL_CONVERSION = YES;
				CLANG_WARN_OBJC_ROOT_CLASS = YES_ERROR;
				CLANG_WARN_QUOTED_INCLUDE_IN_FRAMEWORK_HEADER = YES;
				CLANG_WARN_RANGE_LOOP_ANALYSIS = YES;
				CLANG_WARN_STRICT_PROTOTYPES = YES;
				CLANG_WARN_SUSPICIOUS_MOVE = YES;
				CLANG_WARN_UNGUARDED_AVAILABILITY = YES_AGGRESSIVE;
				CLANG_WARN_UNREACHABLE_CODE = YES;
				CLANG_WARN__DUPLICATE_METHOD_MATCH = YES;
				COPY_PHASE_STRIP = NO;
				DEBUG_INFORMATION_FORMAT = "dwarf-with-dsym";
				ENABLE_NS_ASSERTIONS = NO;
				ENABLE_STRICT_OBJC_MSGSEND = YES;
				GCC_C_LANGUAGE_STANDARD = gnu11;
				GCC_NO_COMMON_BLOCKS = YES;
				GCC_WARN_64_TO_32_BIT_CONVERSION = YES;
				GCC_WARN_ABOUT_RETURN_TYPE = YES_ERROR;
				GCC_WARN_UNDECLARED_SELECTOR = YES;
				GCC_WARN_UNINITIALIZED_AUTOS = YES_AGGRESSIVE;
				GCC_WARN_UNUSED_FUNCTION = YES;
				GCC_WARN_UNUSED_VARIABLE = YES;
				IPHONEOS_DEPLOYMENT_TARGET = 15.0;
				MTL_ENABLE_DEBUG_INFO = NO;
				MTL_FAST_MATH = YES;
				SDKROOT = iphoneos;
				SWIFT_COMPILATION_MODE = wholemodule;
				SWIFT_OPTIMIZATION_LEVEL = "-O";
				VALIDATE_PRODUCT = YES;
			};
			name = Release;
		};
		AE4826D027411909000A0209 /* Debug */ = {
			isa = XCBuildConfiguration;
			buildSettings = {
				ASSETCATALOG_COMPILER_APPICON_NAME = AppIcon;
				ASSETCATALOG_COMPILER_GLOBAL_ACCENT_COLOR_NAME = AccentColor;
				CODE_SIGN_STYLE = Automatic;
				CURRENT_PROJECT_VERSION = 1;
				DEVELOPMENT_TEAM = AQQ2YBW9F8;
				GENERATE_INFOPLIST_FILE = YES;
				INFOPLIST_FILE = "prtotypeNavigationtable\"Reema.Mousa\"/Info.plist";
				INFOPLIST_KEY_UIApplicationSupportsIndirectInputEvents = YES;
				INFOPLIST_KEY_UILaunchStoryboardName = LaunchScreen;
				INFOPLIST_KEY_UIMainStoryboardFile = Main;
				INFOPLIST_KEY_UISupportedInterfaceOrientations_iPad = "UIInterfaceOrientationPortrait UIInterfaceOrientationPortraitUpsideDown UIInterfaceOrientationLandscapeLeft UIInterfaceOrientationLandscapeRight";
				INFOPLIST_KEY_UISupportedInterfaceOrientations_iPhone = "UIInterfaceOrientationPortrait UIInterfaceOrientationLandscapeLeft UIInterfaceOrientationLandscapeRight";
				LD_RUNPATH_SEARCH_PATHS = (
					"$(inherited)",
					"@executable_path/Frameworks",
				);
				MARKETING_VERSION = 1.0;
				PRODUCT_BUNDLE_IDENTIFIER = "reema.com.prtotypeNavigationtable-Reema-Mousa-";
				PRODUCT_NAME = "$(TARGET_NAME)";
				SWIFT_EMIT_LOC_STRINGS = YES;
				SWIFT_VERSION = 5.0;
				TARGETED_DEVICE_FAMILY = "1,2";
			};
			name = Debug;
		};
		AE4826D127411909000A0209 /* Release */ = {
			isa = XCBuildConfiguration;
			buildSettings = {
				ASSETCATALOG_COMPILER_APPICON_NAME = AppIcon;
				ASSETCATALOG_COMPILER_GLOBAL_ACCENT_COLOR_NAME = AccentColor;
				CODE_SIGN_STYLE = Automatic;
				CURRENT_PROJECT_VERSION = 1;
				DEVELOPMENT_TEAM = AQQ2YBW9F8;
				GENERATE_INFOPLIST_FILE = YES;
				INFOPLIST_FILE = "prtotypeNavigationtable\"Reema.Mousa\"/Info.plist";
				INFOPLIST_KEY_UIApplicationSupportsIndirectInputEvents = YES;
				INFOPLIST_KEY_UILaunchStoryboardName = LaunchScreen;
				INFOPLIST_KEY_UIMainStoryboardFile = Main;
				INFOPLIST_KEY_UISupportedInterfaceOrientations_iPad = "UIInterfaceOrientationPortrait UIInterfaceOrientationPortraitUpsideDown UIInterfaceOrientationLandscapeLeft UIInterfaceOrientationLandscapeRight";
				INFOPLIST_KEY_UISupportedInterfaceOrientations_iPhone = "UIInterfaceOrientationPortrait UIInterfaceOrientationLandscapeLeft UIInterfaceOrientationLandscapeRight";
				LD_RUNPATH_SEARCH_PATHS = (
					"$(inherited)",
					"@executable_path/Frameworks",
				);
				MARKETING_VERSION = 1.0;
				PRODUCT_BUNDLE_IDENTIFIER = "reema.com.prtotypeNavigationtable-Reema-Mousa-";
				PRODUCT_NAME = "$(TARGET_NAME)";
				SWIFT_EMIT_LOC_STRINGS = YES;
				SWIFT_VERSION = 5.0;
				TARGETED_DEVICE_FAMILY = "1,2";
			};
			name = Release;
		};
/* End XCBuildConfiguration section */

/* Begin XCConfigurationList section */
		AE4826B627411906000A0209 /* Build configuration list for PBXProject "prtotypeNavigationtable"Reema.Mousa"" */ = {
			isa = XCConfigurationList;
			buildConfigurations = (
				AE4826CD27411909000A0209 /* Debug */,
				AE4826CE27411909000A0209 /* Release */,
			);
			defaultConfigurationIsVisible = 0;
			defaultConfigurationName = Release;
		};
		AE4826CF27411909000A0209 /* Build configuration list for PBXNativeTarget "prtotypeNavigationtable"Reema.Mousa"" */ = {
			isa = XCConfigurationList;
			buildConfigurations = (
				AE4826D027411909000A0209 /* Debug */,
				AE4826D127411909000A0209 /* Release */,
			);
			defaultConfigurationIsVisible = 0;
			defaultConfigurationName = Release;
		};
/* End XCConfigurationList section */
	};
	rootObject = AE4826B327411906000A0209 /* Project object */;
}
